
Microsoft Visual Studio Solution File, Format Version 12.00
# Visual Studio Version 17
VisualStudioVersion = 17.5.002.0
MinimumVisualStudioVersion = 10.0.40219.1
Project("{9A19103F-16F7-4668-BE54-9A1E7A4F7556}") = "maui-start-test", "maui-start-test.csproj", "{AFCD19A6-7184-49C0-8BFB-41279F8C6DCD}"
EndProject
Global
	GlobalSection(SolutionConfigurationPlatforms) = preSolution
		Debug|Any CPU = Debug|Any CPU
		Release|Any CPU = Release|Any CPU
	EndGlobalSection
	GlobalSection(ProjectConfigurationPlatforms) = postSolution
		{AFCD19A6-7184-49C0-8BFB-41279F8C6DCD}.Debug|Any CPU.ActiveCfg = Debug|Any CPU
		{AFCD19A6-7184-49C0-8BFB-41279F8C6DCD}.Debug|Any CPU.Build.0 = Debug|Any CPU
		{AFCD19A6-7184-49C0-8BFB-41279F8C6DCD}.Release|Any CPU.ActiveCfg = Release|Any CPU
		{AFCD19A6-7184-49C0-8BFB-41279F8C6DCD}.Release|Any CPU.Build.0 = Release|Any CPU
	EndGlobalSection
	GlobalSection(SolutionProperties) = preSolution
		HideSolutionNode = FALSE
	EndGlobalSection
	GlobalSection(ExtensibilityGlobals) = postSolution
		SolutionGuid = {DC1D647A-D62C-4430-B24C-8AF4FE434D34}
	EndGlobalSection
EndGlobal
